
Microsoft Visual Studio Solution File, Format Version 12.00
# Visual Studio 15
VisualStudioVersion = 15.0.28010.2016
MinimumVisualStudioVersion = 10.0.40219.1
Project("{FAE04EC0-301F-11D3-BF4B-00C04F79EFBC}") = "DeansOfficeApp", "DeansOfficeApp\DeansOfficeApp.csproj", "{29F23E06-5488-4875-A184-321B97B58F42}"
EndProject
Project("{FAE04EC0-301F-11D3-BF4B-00C04F79EFBC}") = "Task3", "Task3\Task3.csproj", "{AE7E1A46-A8BD-4CD1-BC43-617BC86E46E4}"
EndProject
Project("{FAE04EC0-301F-11D3-BF4B-00C04F79EFBC}") = "Task4", "Task4\Task4.csproj", "{248863DE-6CC6-4664-9772-CB3C710F6451}"
EndProject
Global
	GlobalSection(SolutionConfigurationPlatforms) = preSolution
		Debug|Any CPU = Debug|Any CPU
		Release|Any CPU = Release|Any CPU
	EndGlobalSection
	GlobalSection(ProjectConfigurationPlatforms) = postSolution
		{29F23E06-5488-4875-A184-321B97B58F42}.Debug|Any CPU.ActiveCfg = Debug|Any CPU
		{29F23E06-5488-4875-A184-321B97B58F42}.Debug|Any CPU.Build.0 = Debug|Any CPU
		{29F23E06-5488-4875-A184-321B97B58F42}.Release|Any CPU.ActiveCfg = Release|Any CPU
		{29F23E06-5488-4875-A184-321B97B58F42}.Release|Any CPU.Build.0 = Release|Any CPU
		{AE7E1A46-A8BD-4CD1-BC43-617BC86E46E4}.Debug|Any CPU.ActiveCfg = Debug|Any CPU
		{AE7E1A46-A8BD-4CD1-BC43-617BC86E46E4}.Debug|Any CPU.Build.0 = Debug|Any CPU
		{AE7E1A46-A8BD-4CD1-BC43-617BC86E46E4}.Release|Any CPU.ActiveCfg = Release|Any CPU
		{AE7E1A46-A8BD-4CD1-BC43-617BC86E46E4}.Release|Any CPU.Build.0 = Release|Any CPU
		{248863DE-6CC6-4664-9772-CB3C710F6451}.Debug|Any CPU.ActiveCfg = Debug|Any CPU
		{248863DE-6CC6-4664-9772-CB3C710F6451}.Debug|Any CPU.Build.0 = Debug|Any CPU
		{248863DE-6CC6-4664-9772-CB3C710F6451}.Release|Any CPU.ActiveCfg = Release|Any CPU
		{248863DE-6CC6-4664-9772-CB3C710F6451}.Release|Any CPU.Build.0 = Release|Any CPU
	EndGlobalSection
	GlobalSection(SolutionProperties) = preSolution
		HideSolutionNode = FALSE
	EndGlobalSection
	GlobalSection(ExtensibilityGlobals) = postSolution
		SolutionGuid = {23CDB254-DF7F-44D1-9648-B04E4823977A}
	EndGlobalSection
EndGlobal
